
Microsoft Visual Studio Solution File, Format Version 12.00
# Visual Studio 14
VisualStudioVersion = 14.0.25123.0
MinimumVisualStudioVersion = 10.0.40219.1
Project("{FAE04EC0-301F-11D3-BF4B-00C04F79EFBC}") = "Repository", "Repository\Repository.csproj", "{EB3E762D-0D17-4B4B-869D-9D18351984B0}"
	ProjectSection(ProjectDependencies) = postProject
		{7E48EE52-88CB-4344-A729-584E70320654} = {7E48EE52-88CB-4344-A729-584E70320654}
	EndProjectSection
EndProject
Project("{FAE04EC0-301F-11D3-BF4B-00C04F79EFBC}") = "Travel", "Travel\Travel.csproj", "{7E48EE52-88CB-4344-A729-584E70320654}"
EndProject
Global
	GlobalSection(SolutionConfigurationPlatforms) = preSolution
		Debug|Any CPU = Debug|Any CPU
		Release|Any CPU = Release|Any CPU
	EndGlobalSection
	GlobalSection(ProjectConfigurationPlatforms) = postSolution
		{EB3E762D-0D17-4B4B-869D-9D18351984B0}.Debug|Any CPU.ActiveCfg = Debug|Any CPU
		{EB3E762D-0D17-4B4B-869D-9D18351984B0}.Debug|Any CPU.Build.0 = Debug|Any CPU
		{EB3E762D-0D17-4B4B-869D-9D18351984B0}.Release|Any CPU.ActiveCfg = Release|Any CPU
		{EB3E762D-0D17-4B4B-869D-9D18351984B0}.Release|Any CPU.Build.0 = Release|Any CPU
		{7E48EE52-88CB-4344-A729-584E70320654}.Debug|Any CPU.ActiveCfg = Debug|Any CPU
		{7E48EE52-88CB-4344-A729-584E70320654}.Debug|Any CPU.Build.0 = Debug|Any CPU
		{7E48EE52-88CB-4344-A729-584E70320654}.Release|Any CPU.ActiveCfg = Release|Any CPU
		{7E48EE52-88CB-4344-A729-584E70320654}.Release|Any CPU.Build.0 = Release|Any CPU
	EndGlobalSection
	GlobalSection(SolutionProperties) = preSolution
		HideSolutionNode = FALSE
	EndGlobalSection
EndGlobal
